// !$*UTF8*$!
{
	archiveVersion = 1;
	classes = {
	};
	objectVersion = 56;
	objects = {

/* Begin PBXBuildFile section */
		082E0C1D2BA102710042B82C /* ActivityView.swift in Sources */ = {isa = PBXBuildFile; fileRef = 082E0C1C2BA102710042B82C /* ActivityView.swift */; };
		088ED91E2B953186005729C5 /* home_pageApp.swift in Sources */ = {isa = PBXBuildFile; fileRef = 088ED91D2B953186005729C5 /* home_pageApp.swift */; };
		088ED9202B953186005729C5 /* ContentView.swift in Sources */ = {isa = PBXBuildFile; fileRef = 088ED91F2B953186005729C5 /* ContentView.swift */; };
		088ED9222B95318A005729C5 /* Assets.xcassets in Resources */ = {isa = PBXBuildFile; fileRef = 088ED9212B95318A005729C5 /* Assets.xcassets */; };
		088ED9252B95318A005729C5 /* Preview Assets.xcassets in Resources */ = {isa = PBXBuildFile; fileRef = 088ED9242B95318A005729C5 /* Preview Assets.xcassets */; };
		088ED92F2B95318A005729C5 /* home_pageTests.swift in Sources */ = {isa = PBXBuildFile; fileRef = 088ED92E2B95318A005729C5 /* home_pageTests.swift */; };
		088ED9392B95318A005729C5 /* home_pageUITests.swift in Sources */ = {isa = PBXBuildFile; fileRef = 088ED9382B95318A005729C5 /* home_pageUITests.swift */; };
		088ED93B2B95318A005729C5 /* home_pageUITestsLaunchTests.swift in Sources */ = {isa = PBXBuildFile; fileRef = 088ED93A2B95318A005729C5 /* home_pageUITestsLaunchTests.swift */; };
		870348D22BA19BE100D6F43E /* ReportButtonView.swift in Sources */ = {isa = PBXBuildFile; fileRef = 870348D12BA19BE100D6F43E /* ReportButtonView.swift */; };
/* End PBXBuildFile section */

/* Begin PBXContainerItemProxy section */
		088ED92B2B95318A005729C5 /* PBXContainerItemProxy */ = {
			isa = PBXContainerItemProxy;
			containerPortal = 088ED9122B953186005729C5 /* Project object */;
			proxyType = 1;
			remoteGlobalIDString = 088ED9192B953186005729C5;
			remoteInfo = "home-page";
		};
		088ED9352B95318A005729C5 /* PBXContainerItemProxy */ = {
			isa = PBXContainerItemProxy;
			containerPortal = 088ED9122B953186005729C5 /* Project object */;
			proxyType = 1;
			remoteGlobalIDString = 088ED9192B953186005729C5;
			remoteInfo = "home-page";
		};
/* End PBXContainerItemProxy section */

/* Begin PBXFileReference section */
		082E0C1C2BA102710042B82C /* ActivityView.swift */ = {isa = PBXFileReference; lastKnownFileType = sourcecode.swift; path = ActivityView.swift; sourceTree = "<group>"; };
		088ED91A2B953186005729C5 /* home-page.app */ = {isa = PBXFileReference; explicitFileType = wrapper.application; includeInIndex = 0; path = "home-page.app"; sourceTree = BUILT_PRODUCTS_DIR; };
		088ED91D2B953186005729C5 /* home_pageApp.swift */ = {isa = PBXFileReference; lastKnownFileType = sourcecode.swift; path = home_pageApp.swift; sourceTree = "<group>"; };
		088ED91F2B953186005729C5 /* ContentView.swift */ = {isa = PBXFileReference; lastKnownFileType = sourcecode.swift; path = ContentView.swift; sourceTree = "<group>"; };
		088ED9212B95318A005729C5 /* Assets.xcassets */ = {isa = PBXFileReference; lastKnownFileType = folder.assetcatalog; path = Assets.xcassets; sourceTree = "<group>"; };
		088ED9242B95318A005729C5 /* Preview Assets.xcassets */ = {isa = PBXFileReference; lastKnownFileType = folder.assetcatalog; path = "Preview Assets.xcassets"; sourceTree = "<group>"; };
		088ED92A2B95318A005729C5 /* home-pageTests.xctest */ = {isa = PBXFileReference; explicitFileType = wrapper.cfbundle; includeInIndex = 0; path = "home-pageTests.xctest"; sourceTree = BUILT_PRODUCTS_DIR; };
		088ED92E2B95318A005729C5 /* home_pageTests.swift */ = {isa = PBXFileReference; lastKnownFileType = sourcecode.swift; path = home_pageTests.swift; sourceTree = "<group>"; };
		088ED9342B95318A005729C5 /* home-pageUITests.xctest */ = {isa = PBXFileReference; explicitFileType = wrapper.cfbundle; includeInIndex = 0; path = "home-pageUITests.xctest"; sourceTree = BUILT_PRODUCTS_DIR; };
		088ED9382B95318A005729C5 /* home_pageUITests.swift */ = {isa = PBXFileReference; lastKnownFileType = sourcecode.swift; path = home_pageUITests.swift; sourceTree = "<group>"; };
		088ED93A2B95318A005729C5 /* home_pageUITestsLaunchTests.swift */ = {isa = PBXFileReference; lastKnownFileType = sourcecode.swift; path = home_pageUITestsLaunchTests.swift; sourceTree = "<group>"; };
		870348D12BA19BE100D6F43E /* ReportButtonView.swift */ = {isa = PBXFileReference; lastKnownFileType = sourcecode.swift; path = ReportButtonView.swift; sourceTree = "<group>"; };
/* End PBXFileReference section */

/* Begin PBXFrameworksBuildPhase section */
		088ED9172B953186005729C5 /* Frameworks */ = {
			isa = PBXFrameworksBuildPhase;
			buildActionMask = 2147483647;
			files = (
			);
			runOnlyForDeploymentPostprocessing = 0;
		};
		088ED9272B95318A005729C5 /* Frameworks */ = {
			isa = PBXFrameworksBuildPhase;
			buildActionMask = 2147483647;
			files = (
			);
			runOnlyForDeploymentPostprocessing = 0;
		};
		088ED9312B95318A005729C5 /* Frameworks */ = {
			isa = PBXFrameworksBuildPhase;
			buildActionMask = 2147483647;
			files = (
			);
			runOnlyForDeploymentPostprocessing = 0;
		};
/* End PBXFrameworksBuildPhase section */

/* Begin PBXGroup section */
		088ED9112B953186005729C5 = {
			isa = PBXGroup;
			children = (
				088ED91C2B953186005729C5 /* home-page */,
				088ED92D2B95318A005729C5 /* home-pageTests */,
				088ED9372B95318A005729C5 /* home-pageUITests */,
				088ED91B2B953186005729C5 /* Products */,
			);
			sourceTree = "<group>";
		};
		088ED91B2B953186005729C5 /* Products */ = {
			isa = PBXGroup;
			children = (
				088ED91A2B953186005729C5 /* home-page.app */,
				088ED92A2B95318A005729C5 /* home-pageTests.xctest */,
				088ED9342B95318A005729C5 /* home-pageUITests.xctest */,
			);
			name = Products;
			sourceTree = "<group>";
		};
		088ED91C2B953186005729C5 /* home-page */ = {
			isa = PBXGroup;
			children = (
				088ED91D2B953186005729C5 /* home_pageApp.swift */,
				088ED91F2B953186005729C5 /* ContentView.swift */,
				082E0C1C2BA102710042B82C /* ActivityView.swift */,
				088ED9212B95318A005729C5 /* Assets.xcassets */,
				870348D12BA19BE100D6F43E /* ReportButtonView.swift */,
				088ED9232B95318A005729C5 /* Preview Content */,
			);
			path = "home-page";
			sourceTree = "<group>";
		};
		088ED9232B95318A005729C5 /* Preview Content */ = {
			isa = PBXGroup;
			children = (
				088ED9242B95318A005729C5 /* Preview Assets.xcassets */,
			);
			path = "Preview Content";
			sourceTree = "<group>";
		};
		088ED92D2B95318A005729C5 /* home-pageTests */ = {
			isa = PBXGroup;
			children = (
				088ED92E2B95318A005729C5 /* home_pageTests.swift */,
			);
			path = "home-pageTests";
			sourceTree = "<group>";
		};
		088ED9372B95318A005729C5 /* home-pageUITests */ = {
			isa = PBXGroup;
			children = (
				088ED9382B95318A005729C5 /* home_pageUITests.swift */,
				088ED93A2B95318A005729C5 /* home_pageUITestsLaunchTests.swift */,
			);
			path = "home-pageUITests";
			sourceTree = "<group>";
		};
/* End PBXGroup section */

/* Begin PBXNativeTarget section */
		088ED9192B953186005729C5 /* home-page */ = {
			isa = PBXNativeTarget;
			buildConfigurationList = 088ED93E2B95318A005729C5 /* Build configuration list for PBXNativeTarget "home-page" */;
			buildPhases = (
				088ED9162B953186005729C5 /* Sources */,
				088ED9172B953186005729C5 /* Frameworks */,
				088ED9182B953186005729C5 /* Resources */,
			);
			buildRules = (
			);
			dependencies = (
			);
			name = "home-page";
			productName = "home-page";
			productReference = 088ED91A2B953186005729C5 /* home-page.app */;
			productType = "com.apple.product-type.application";
		};
		088ED9292B95318A005729C5 /* home-pageTests */ = {
			isa = PBXNativeTarget;
			buildConfigurationList = 088ED9412B95318A005729C5 /* Build configuration list for PBXNativeTarget "home-pageTests" */;
			buildPhases = (
				088ED9262B95318A005729C5 /* Sources */,
				088ED9272B95318A005729C5 /* Frameworks */,
				088ED9282B95318A005729C5 /* Resources */,
			);
			buildRules = (
			);
			dependencies = (
				088ED92C2B95318A005729C5 /* PBXTargetDependency */,
			);
			name = "home-pageTests";
			productName = "home-pageTests";
			productReference = 088ED92A2B95318A005729C5 /* home-pageTests.xctest */;
			productType = "com.apple.product-type.bundle.unit-test";
		};
		088ED9332B95318A005729C5 /* home-pageUITests */ = {
			isa = PBXNativeTarget;
			buildConfigurationList = 088ED9442B95318A005729C5 /* Build configuration list for PBXNativeTarget "home-pageUITests" */;
			buildPhases = (
				088ED9302B95318A005729C5 /* Sources */,
				088ED9312B95318A005729C5 /* Frameworks */,
				088ED9322B95318A005729C5 /* Resources */,
			);
			buildRules = (
			);
			dependencies = (
				088ED9362B95318A005729C5 /* PBXTargetDependency */,
			);
			name = "home-pageUITests";
			productName = "home-pageUITests";
			productReference = 088ED9342B95318A005729C5 /* home-pageUITests.xctest */;
			productType = "com.apple.product-type.bundle.ui-testing";
		};
/* End PBXNativeTarget section */

/* Begin PBXProject section */
		088ED9122B953186005729C5 /* Project object */ = {
			isa = PBXProject;
			attributes = {
				BuildIndependentTargetsInParallel = 1;
				LastSwiftUpdateCheck = 1520;
				LastUpgradeCheck = 1520;
				TargetAttributes = {
					088ED9192B953186005729C5 = {
						CreatedOnToolsVersion = 15.2;
					};
					088ED9292B95318A005729C5 = {
						CreatedOnToolsVersion = 15.2;
						TestTargetID = 088ED9192B953186005729C5;
					};
					088ED9332B95318A005729C5 = {
						CreatedOnToolsVersion = 15.2;
						TestTargetID = 088ED9192B953186005729C5;
					};
				};
			};
			buildConfigurationList = 088ED9152B953186005729C5 /* Build configuration list for PBXProject "home-page" */;
			compatibilityVersion = "Xcode 14.0";
			developmentRegion = en;
			hasScannedForEncodings = 0;
			knownRegions = (
				en,
				Base,
			);
			mainGroup = 088ED9112B953186005729C5;
			productRefGroup = 088ED91B2B953186005729C5 /* Products */;
			projectDirPath = "";
			projectRoot = "";
			targets = (
				088ED9192B953186005729C5 /* home-page */,
				088ED9292B95318A005729C5 /* home-pageTests */,
				088ED9332B95318A005729C5 /* home-pageUITests */,
			);
		};
/* End PBXProject section */

/* Begin PBXResourcesBuildPhase section */
		088ED9182B953186005729C5 /* Resources */ = {
			isa = PBXResourcesBuildPhase;
			buildActionMask = 2147483647;
			files = (
				088ED9252B95318A005729C5 /* Preview Assets.xcassets in Resources */,
				088ED9222B95318A005729C5 /* Assets.xcassets in Resources */,
			);
			runOnlyForDeploymentPostprocessing = 0;
		};
		088ED9282B95318A005729C5 /* Resources */ = {
			isa = PBXResourcesBuildPhase;
			buildActionMask = 2147483647;
			files = (
			);
			runOnlyForDeploymentPostprocessing = 0;
		};
		088ED9322B95318A005729C5 /* Resources */ = {
			isa = PBXResourcesBuildPhase;
			buildActionMask = 2147483647;
			files = (
			);
			runOnlyForDeploymentPostprocessing = 0;
		};
/* End PBXResourcesBuildPhase section */

/* Begin PBXSourcesBuildPhase section */
		088ED9162B953186005729C5 /* Sources */ = {
			isa = PBXSourcesBuildPhase;
			buildActionMask = 2147483647;
			files = (
				870348D22BA19BE100D6F43E /* ReportButtonView.swift in Sources */,
				088ED9202B953186005729C5 /* ContentView.swift in Sources */,
				088ED91E2B953186005729C5 /* home_pageApp.swift in Sources */,
				082E0C1D2BA102710042B82C /* ActivityView.swift in Sources */,
			);
			runOnlyForDeploymentPostprocessing = 0;
		};
		088ED9262B95318A005729C5 /* Sources */ = {
			isa = PBXSourcesBuildPhase;
			buildActionMask = 2147483647;
			files = (
				088ED92F2B95318A005729C5 /* home_pageTests.swift in Sources */,
			);
			runOnlyForDeploymentPostprocessing = 0;
		};
		088ED9302B95318A005729C5 /* Sources */ = {
			isa = PBXSourcesBuildPhase;
			buildActionMask = 2147483647;
			files = (
				088ED93B2B95318A005729C5 /* home_pageUITestsLaunchTests.swift in Sources */,
				088ED9392B95318A005729C5 /* home_pageUITests.swift in Sources */,
			);
			runOnlyForDeploymentPostprocessing = 0;
		};
/* End PBXSourcesBuildPhase section */

/* Begin PBXTargetDependency section */
		088ED92C2B95318A005729C5 /* PBXTargetDependency */ = {
			isa = PBXTargetDependency;
			target = 088ED9192B953186005729C5 /* home-page */;
			targetProxy = 088ED92B2B95318A005729C5 /* PBXContainerItemProxy */;
		};
		088ED9362B95318A005729C5 /* PBXTargetDependency */ = {
			isa = PBXTargetDependency;
			target = 088ED9192B953186005729C5 /* home-page */;
			targetProxy = 088ED9352B95318A005729C5 /* PBXContainerItemProxy */;
		};
/* End PBXTargetDependency section */

/* Begin XCBuildConfiguration section */
		088ED93C2B95318A005729C5 /* Debug */ = {
			isa = XCBuildConfiguration;
			buildSettings = {
				ALWAYS_SEARCH_USER_PATHS = NO;
				ASSETCATALOG_COMPILER_GENERATE_SWIFT_ASSET_SYMBOL_EXTENSIONS = YES;
				CLANG_ANALYZER_NONNULL = YES;
				CLANG_ANALYZER_NUMBER_OBJECT_CONVERSION = YES_AGGRESSIVE;
				CLANG_CXX_LANGUAGE_STANDARD = "gnu++20";
				CLANG_ENABLE_MODULES = YES;
				CLANG_ENABLE_OBJC_ARC = YES;
				CLANG_ENABLE_OBJC_WEAK = YES;
				CLANG_WARN_BLOCK_CAPTURE_AUTORELEASING = YES;
				CLANG_WARN_BOOL_CONVERSION = YES;
				CLANG_WARN_COMMA = YES;
				CLANG_WARN_CONSTANT_CONVERSION = YES;
				CLANG_WARN_DEPRECATED_OBJC_IMPLEMENTATIONS = YES;
				CLANG_WARN_DIRECT_OBJC_ISA_USAGE = YES_ERROR;
				CLANG_WARN_DOCUMENTATION_COMMENTS = YES;
				CLANG_WARN_EMPTY_BODY = YES;
				CLANG_WARN_ENUM_CONVERSION = YES;
				CLANG_WARN_INFINITE_RECURSION = YES;
				CLANG_WARN_INT_CONVERSION = YES;
				CLANG_WARN_NON_LITERAL_NULL_CONVERSION = YES;
				CLANG_WARN_OBJC_IMPLICIT_RETAIN_SELF = YES;
				CLANG_WARN_OBJC_LITERAL_CONVERSION = YES;
				CLANG_WARN_OBJC_ROOT_CLASS = YES_ERROR;
				CLANG_WARN_QUOTED_INCLUDE_IN_FRAMEWORK_HEADER = YES;
				CLANG_WARN_RANGE_LOOP_ANALYSIS = YES;
				CLANG_WARN_STRICT_PROTOTYPES = YES;
				CLANG_WARN_SUSPICIOUS_MOVE = YES;
				CLANG_WARN_UNGUARDED_AVAILABILITY = YES_AGGRESSIVE;
				CLANG_WARN_UNREACHABLE_CODE = YES;
				CLANG_WARN__DUPLICATE_METHOD_MATCH = YES;
				COPY_PHASE_STRIP = NO;
				DEBUG_INFORMATION_FORMAT = dwarf;
				ENABLE_STRICT_OBJC_MSGSEND = YES;
				ENABLE_TESTABILITY = YES;
				ENABLE_USER_SCRIPT_SANDBOXING = YES;
				GCC_C_LANGUAGE_STANDARD = gnu17;
				GCC_DYNAMIC_NO_PIC = NO;
				GCC_NO_COMMON_BLOCKS = YES;
				GCC_OPTIMIZATION_LEVEL = 0;
				GCC_PREPROCESSOR_DEFINITIONS = (
					"DEBUG=1",
					"$(inherited)",
				);
				GCC_WARN_64_TO_32_BIT_CONVERSION = YES;
				GCC_WARN_ABOUT_RETURN_TYPE = YES_ERROR;
				GCC_WARN_UNDECLARED_SELECTOR = YES;
				GCC_WARN_UNINITIALIZED_AUTOS = YES_AGGRESSIVE;
				GCC_WARN_UNUSED_FUNCTION = YES;
				GCC_WARN_UNUSED_VARIABLE = YES;
				IPHONEOS_DEPLOYMENT_TARGET = 17.2;
				LOCALIZATION_PREFERS_STRING_CATALOGS = YES;
				MTL_ENABLE_DEBUG_INFO = INCLUDE_SOURCE;
				MTL_FAST_MATH = YES;
				ONLY_ACTIVE_ARCH = YES;
				SDKROOT = iphoneos;
				SWIFT_ACTIVE_COMPILATION_CONDITIONS = "DEBUG $(inherited)";
				SWIFT_OPTIMIZATION_LEVEL = "-Onone";
			};
			name = Debug;
		};
		088ED93D2B95318A005729C5 /* Release */ = {
			isa = XCBuildConfiguration;
			buildSettings = {
				ALWAYS_SEARCH_USER_PATHS = NO;
				ASSETCATALOG_COMPILER_GENERATE_SWIFT_ASSET_SYMBOL_EXTENSIONS = YES;
				CLANG_ANALYZER_NONNULL = YES;
				CLANG_ANALYZER_NUMBER_OBJECT_CONVERSION = YES_AGGRESSIVE;
				CLANG_CXX_LANGUAGE_STANDARD = "gnu++20";
				CLANG_ENABLE_MODULES = YES;
				CLANG_ENABLE_OBJC_ARC = YES;
				CLANG_ENABLE_OBJC_WEAK = YES;
				CLANG_WARN_BLOCK_CAPTURE_AUTORELEASING = YES;
				CLANG_WARN_BOOL_CONVERSION = YES;
				CLANG_WARN_COMMA = YES;
				CLANG_WARN_CONSTANT_CONVERSION = YES;
				CLANG_WARN_DEPRECATED_OBJC_IMPLEMENTATIONS = YES;
				CLANG_WARN_DIRECT_OBJC_ISA_USAGE = YES_ERROR;
				CLANG_WARN_DOCUMENTATION_COMMENTS = YES;
				CLANG_WARN_EMPTY_BODY = YES;
				CLANG_WARN_ENUM_CONVERSION = YES;
				CLANG_WARN_INFINITE_RECURSION = YES;
				CLANG_WARN_INT_CONVERSION = YES;
				CLANG_WARN_NON_LITERAL_NULL_CONVERSION = YES;
				CLANG_WARN_OBJC_IMPLICIT_RETAIN_SELF = YES;
				CLANG_WARN_OBJC_LITERAL_CONVERSION = YES;
				CLANG_WARN_OBJC_ROOT_CLASS = YES_ERROR;
				CLANG_WARN_QUOTED_INCLUDE_IN_FRAMEWORK_HEADER = YES;
				CLANG_WARN_RANGE_LOOP_ANALYSIS = YES;
				CLANG_WARN_STRICT_PROTOTYPES = YES;
				CLANG_WARN_SUSPICIOUS_MOVE = YES;
				CLANG_WARN_UNGUARDED_AVAILABILITY = YES_AGGRESSIVE;
				CLANG_WARN_UNREACHABLE_CODE = YES;
				CLANG_WARN__DUPLICATE_METHOD_MATCH = YES;
				COPY_PHASE_STRIP = NO;
				DEBUG_INFORMATION_FORMAT = "dwarf-with-dsym";
				ENABLE_NS_ASSERTIONS = NO;
				ENABLE_STRICT_OBJC_MSGSEND = YES;
				ENABLE_USER_SCRIPT_SANDBOXING = YES;
				GCC_C_LANGUAGE_STANDARD = gnu17;
				GCC_NO_COMMON_BLOCKS = YES;
				GCC_WARN_64_TO_32_BIT_CONVERSION = YES;
				GCC_WARN_ABOUT_RETURN_TYPE = YES_ERROR;
				GCC_WARN_UNDECLARED_SELECTOR = YES;
				GCC_WARN_UNINITIALIZED_AUTOS = YES_AGGRESSIVE;
				GCC_WARN_UNUSED_FUNCTION = YES;
				GCC_WARN_UNUSED_VARIABLE = YES;
				IPHONEOS_DEPLOYMENT_TARGET = 17.2;
				LOCALIZATION_PREFERS_STRING_CATALOGS = YES;
				MTL_ENABLE_DEBUG_INFO = NO;
				MTL_FAST_MATH = YES;
				SDKROOT = iphoneos;
				SWIFT_COMPILATION_MODE = wholemodule;
				VALIDATE_PRODUCT = YES;
			};
			name = Release;
		};
		088ED93F2B95318A005729C5 /* Debug */ = {
			isa = XCBuildConfiguration;
			buildSettings = {
				ASSETCATALOG_COMPILER_APPICON_NAME = AppIcon;
				ASSETCATALOG_COMPILER_GLOBAL_ACCENT_COLOR_NAME = AccentColor;
				CODE_SIGN_STYLE = Automatic;
				CURRENT_PROJECT_VERSION = 1;
				DEVELOPMENT_ASSET_PATHS = "\"home-page/Preview Content\"";
				ENABLE_PREVIEWS = YES;
				GENERATE_INFOPLIST_FILE = YES;
				INFOPLIST_KEY_UIApplicationSceneManifest_Generation = YES;
				INFOPLIST_KEY_UIApplicationSupportsIndirectInputEvents = YES;
				INFOPLIST_KEY_UILaunchScreen_Generation = YES;
				INFOPLIST_KEY_UISupportedInterfaceOrientations_iPad = "UIInterfaceOrientationPortrait UIInterfaceOrientationPortraitUpsideDown UIInterfaceOrientationLandscapeLeft UIInterfaceOrientationLandscapeRight";
				INFOPLIST_KEY_UISupportedInterfaceOrientations_iPhone = "UIInterfaceOrientationPortrait UIInterfaceOrientationLandscapeLeft UIInterfaceOrientationLandscapeRight";
				LD_RUNPATH_SEARCH_PATHS = (
					"$(inherited)",
					"@executable_path/Frameworks",
				);
				MARKETING_VERSION = 1.0;
				PRODUCT_BUNDLE_IDENTIFIER = "crimespotter.home-page";
				PRODUCT_NAME = "$(TARGET_NAME)";
				SWIFT_EMIT_LOC_STRINGS = YES;
				SWIFT_VERSION = 5.0;
				TARGETED_DEVICE_FAMILY = "1,2";
			};
			name = Debug;
		};
		088ED9402B95318A005729C5 /* Release */ = {
			isa = XCBuildConfiguration;
			buildSettings = {
				ASSETCATALOG_COMPILER_APPICON_NAME = AppIcon;
				ASSETCATALOG_COMPILER_GLOBAL_ACCENT_COLOR_NAME = AccentColor;
				CODE_SIGN_STYLE = Automatic;
				CURRENT_PROJECT_VERSION = 1;
				DEVELOPMENT_ASSET_PATHS = "\"home-page/Preview Content\"";
				ENABLE_PREVIEWS = YES;
				GENERATE_INFOPLIST_FILE = YES;
				INFOPLIST_KEY_UIApplicationSceneManifest_Generation = YES;
				INFOPLIST_KEY_UIApplicationSupportsIndirectInputEvents = YES;
				INFOPLIST_KEY_UILaunchScreen_Generation = YES;
				INFOPLIST_KEY_UISupportedInterfaceOrientations_iPad = "UIInterfaceOrientationPortrait UIInterfaceOrientationPortraitUpsideDown UIInterfaceOrientationLandscapeLeft UIInterfaceOrientationLandscapeRight";
				INFOPLIST_KEY_UISupportedInterfaceOrientations_iPhone = "UIInterfaceOrientationPortrait UIInterfaceOrientationLandscapeLeft UIInterfaceOrientationLandscapeRight";
				LD_RUNPATH_SEARCH_PATHS = (
					"$(inherited)",
					"@executable_path/Frameworks",
				);
				MARKETING_VERSION = 1.0;
				PRODUCT_BUNDLE_IDENTIFIER = "crimespotter.home-page";
				PRODUCT_NAME = "$(TARGET_NAME)";
				SWIFT_EMIT_LOC_STRINGS = YES;
				SWIFT_VERSION = 5.0;
				TARGETED_DEVICE_FAMILY = "1,2";
			};
			name = Release;
		};
		088ED9422B95318A005729C5 /* Debug */ = {
			isa = XCBuildConfiguration;
			buildSettings = {
				ALWAYS_EMBED_SWIFT_STANDARD_LIBRARIES = YES;
				BUNDLE_LOADER = "$(TEST_HOST)";
				CODE_SIGN_STYLE = Automatic;
				CURRENT_PROJECT_VERSION = 1;
				GENERATE_INFOPLIST_FILE = YES;
				IPHONEOS_DEPLOYMENT_TARGET = 17.2;
				MARKETING_VERSION = 1.0;
				PRODUCT_BUNDLE_IDENTIFIER = "crimespotter.home-pageTests";
				PRODUCT_NAME = "$(TARGET_NAME)";
				SWIFT_EMIT_LOC_STRINGS = NO;
				SWIFT_VERSION = 5.0;
				TARGETED_DEVICE_FAMILY = "1,2";
				TEST_HOST = "$(BUILT_PRODUCTS_DIR)/home-page.app/$(BUNDLE_EXECUTABLE_FOLDER_PATH)/home-page";
			};
			name = Debug;
		};
		088ED9432B95318A005729C5 /* Release */ = {
			isa = XCBuildConfiguration;
			buildSettings = {
				ALWAYS_EMBED_SWIFT_STANDARD_LIBRARIES = YES;
				BUNDLE_LOADER = "$(TEST_HOST)";
				CODE_SIGN_STYLE = Automatic;
				CURRENT_PROJECT_VERSION = 1;
				GENERATE_INFOPLIST_FILE = YES;
				IPHONEOS_DEPLOYMENT_TARGET = 17.2;
				MARKETING_VERSION = 1.0;
				PRODUCT_BUNDLE_IDENTIFIER = "crimespotter.home-pageTests";
				PRODUCT_NAME = "$(TARGET_NAME)";
				SWIFT_EMIT_LOC_STRINGS = NO;
				SWIFT_VERSION = 5.0;
				TARGETED_DEVICE_FAMILY = "1,2";
				TEST_HOST = "$(BUILT_PRODUCTS_DIR)/home-page.app/$(BUNDLE_EXECUTABLE_FOLDER_PATH)/home-page";
			};
			name = Release;
		};
		088ED9452B95318A005729C5 /* Debug */ = {
			isa = XCBuildConfiguration;
			buildSettings = {
				ALWAYS_EMBED_SWIFT_STANDARD_LIBRARIES = YES;
				CODE_SIGN_STYLE = Automatic;
				CURRENT_PROJECT_VERSION = 1;
				GENERATE_INFOPLIST_FILE = YES;
				MARKETING_VERSION = 1.0;
				PRODUCT_BUNDLE_IDENTIFIER = "crimespotter.home-pageUITests";
				PRODUCT_NAME = "$(TARGET_NAME)";
				SWIFT_EMIT_LOC_STRINGS = NO;
				SWIFT_VERSION = 5.0;
				TARGETED_DEVICE_FAMILY = "1,2";
				TEST_TARGET_NAME = "home-page";
			};
			name = Debug;
		};
		088ED9462B95318A005729C5 /* Release */ = {
			isa = XCBuildConfiguration;
			buildSettings = {
				ALWAYS_EMBED_SWIFT_STANDARD_LIBRARIES = YES;
				CODE_SIGN_STYLE = Automatic;
				CURRENT_PROJECT_VERSION = 1;
				GENERATE_INFOPLIST_FILE = YES;
				MARKETING_VERSION = 1.0;
				PRODUCT_BUNDLE_IDENTIFIER = "crimespotter.home-pageUITests";
				PRODUCT_NAME = "$(TARGET_NAME)";
				SWIFT_EMIT_LOC_STRINGS = NO;
				SWIFT_VERSION = 5.0;
				TARGETED_DEVICE_FAMILY = "1,2";
				TEST_TARGET_NAME = "home-page";
			};
			name = Release;
		};
/* End XCBuildConfiguration section */

/* Begin XCConfigurationList section */
		088ED9152B953186005729C5 /* Build configuration list for PBXProject "home-page" */ = {
			isa = XCConfigurationList;
			buildConfigurations = (
				088ED93C2B95318A005729C5 /* Debug */,
				088ED93D2B95318A005729C5 /* Release */,
			);
			defaultConfigurationIsVisible = 0;
			defaultConfigurationName = Release;
		};
		088ED93E2B95318A005729C5 /* Build configuration list for PBXNativeTarget "home-page" */ = {
			isa = XCConfigurationList;
			buildConfigurations = (
				088ED93F2B95318A005729C5 /* Debug */,
				088ED9402B95318A005729C5 /* Release */,
			);
			defaultConfigurationIsVisible = 0;
			defaultConfigurationName = Release;
		};
		088ED9412B95318A005729C5 /* Build configuration list for PBXNativeTarget "home-pageTests" */ = {
			isa = XCConfigurationList;
			buildConfigurations = (
				088ED9422B95318A005729C5 /* Debug */,
				088ED9432B95318A005729C5 /* Release */,
			);
			defaultConfigurationIsVisible = 0;
			defaultConfigurationName = Release;
		};
		088ED9442B95318A005729C5 /* Build configuration list for PBXNativeTarget "home-pageUITests" */ = {
			isa = XCConfigurationList;
			buildConfigurations = (
				088ED9452B95318A005729C5 /* Debug */,
				088ED9462B95318A005729C5 /* Release */,
			);
			defaultConfigurationIsVisible = 0;
			defaultConfigurationName = Release;
		};
/* End XCConfigurationList section */
	};
	rootObject = 088ED9122B953186005729C5 /* Project object */;
}
